// !$*UTF8*$!
{
	archiveVersion = 1;
	classes = {
	};
	objectVersion = 56;
	objects = {

/* Begin PBXBuildFile section */
		C3331C2AF48978FB12E023EF /* Pods_MobileUp.framework in Frameworks */ = {isa = PBXBuildFile; fileRef = 3AAC895BE1C55B47AACAF9F9 /* Pods_MobileUp.framework */; };
		FE7320CF29E70C5E00BE5A88 /* WelcomeViewController.swift in Sources */ = {isa = PBXBuildFile; fileRef = FE7320CD29E70C5E00BE5A88 /* WelcomeViewController.swift */; };
		FE7320D029E70C5E00BE5A88 /* WelcomeView.xib in Resources */ = {isa = PBXBuildFile; fileRef = FE7320CE29E70C5E00BE5A88 /* WelcomeView.xib */; };
		FE7320D329E70CAE00BE5A88 /* LoginViewController.swift in Sources */ = {isa = PBXBuildFile; fileRef = FE7320D129E70CAE00BE5A88 /* LoginViewController.swift */; };
		FE7320D429E70CAE00BE5A88 /* LoginView.xib in Resources */ = {isa = PBXBuildFile; fileRef = FE7320D229E70CAE00BE5A88 /* LoginView.xib */; };
		FE7320D629E7102B00BE5A88 /* CollectionViewController.swift in Sources */ = {isa = PBXBuildFile; fileRef = FE7320D529E7102B00BE5A88 /* CollectionViewController.swift */; };
		FE7320D829E7115A00BE5A88 /* PhotosCollectionViewCell.swift in Sources */ = {isa = PBXBuildFile; fileRef = FE7320D729E7115A00BE5A88 /* PhotosCollectionViewCell.swift */; };
		FE7320DA29E711A900BE5A88 /* ExpandedPhotoCell.swift in Sources */ = {isa = PBXBuildFile; fileRef = FE7320D929E711A900BE5A88 /* ExpandedPhotoCell.swift */; };
		FEA14E2629E7072800B74379 /* AppDelegate.swift in Sources */ = {isa = PBXBuildFile; fileRef = FEA14E2529E7072800B74379 /* AppDelegate.swift */; };
		FEA14E2829E7072800B74379 /* SceneDelegate.swift in Sources */ = {isa = PBXBuildFile; fileRef = FEA14E2729E7072800B74379 /* SceneDelegate.swift */; };
		FEA14E2D29E7072800B74379 /* Main.storyboard in Resources */ = {isa = PBXBuildFile; fileRef = FEA14E2B29E7072800B74379 /* Main.storyboard */; };
		FEA14E2F29E7072A00B74379 /* Assets.xcassets in Resources */ = {isa = PBXBuildFile; fileRef = FEA14E2E29E7072A00B74379 /* Assets.xcassets */; };
		FEA14E3229E7072A00B74379 /* LaunchScreen.storyboard in Resources */ = {isa = PBXBuildFile; fileRef = FEA14E3029E7072A00B74379 /* LaunchScreen.storyboard */; };
/* End PBXBuildFile section */

/* Begin PBXFileReference section */
		3AAC895BE1C55B47AACAF9F9 /* Pods_MobileUp.framework */ = {isa = PBXFileReference; explicitFileType = wrapper.framework; includeInIndex = 0; path = Pods_MobileUp.framework; sourceTree = BUILT_PRODUCTS_DIR; };
		4D466CDFF3B8D3742F224B30 /* Pods-MobileUp.release.xcconfig */ = {isa = PBXFileReference; includeInIndex = 1; lastKnownFileType = text.xcconfig; name = "Pods-MobileUp.release.xcconfig"; path = "Target Support Files/Pods-MobileUp/Pods-MobileUp.release.xcconfig"; sourceTree = "<group>"; };
		A6D9DE16B0A5C799D1097215 /* Pods-MobileUp.debug.xcconfig */ = {isa = PBXFileReference; includeInIndex = 1; lastKnownFileType = text.xcconfig; name = "Pods-MobileUp.debug.xcconfig"; path = "Target Support Files/Pods-MobileUp/Pods-MobileUp.debug.xcconfig"; sourceTree = "<group>"; };
		FE7320CD29E70C5E00BE5A88 /* WelcomeViewController.swift */ = {isa = PBXFileReference; lastKnownFileType = sourcecode.swift; path = WelcomeViewController.swift; sourceTree = "<group>"; };
		FE7320CE29E70C5E00BE5A88 /* WelcomeView.xib */ = {isa = PBXFileReference; lastKnownFileType = file.xib; path = WelcomeView.xib; sourceTree = "<group>"; };
		FE7320D129E70CAE00BE5A88 /* LoginViewController.swift */ = {isa = PBXFileReference; lastKnownFileType = sourcecode.swift; path = LoginViewController.swift; sourceTree = "<group>"; };
		FE7320D229E70CAE00BE5A88 /* LoginView.xib */ = {isa = PBXFileReference; lastKnownFileType = file.xib; path = LoginView.xib; sourceTree = "<group>"; };
		FE7320D529E7102B00BE5A88 /* CollectionViewController.swift */ = {isa = PBXFileReference; lastKnownFileType = sourcecode.swift; path = CollectionViewController.swift; sourceTree = "<group>"; };
		FE7320D729E7115A00BE5A88 /* PhotosCollectionViewCell.swift */ = {isa = PBXFileReference; lastKnownFileType = sourcecode.swift; path = PhotosCollectionViewCell.swift; sourceTree = "<group>"; };
		FE7320D929E711A900BE5A88 /* ExpandedPhotoCell.swift */ = {isa = PBXFileReference; lastKnownFileType = sourcecode.swift; path = ExpandedPhotoCell.swift; sourceTree = "<group>"; };
		FEA14E2229E7072800B74379 /* MobileUp.app */ = {isa = PBXFileReference; explicitFileType = wrapper.application; includeInIndex = 0; path = MobileUp.app; sourceTree = BUILT_PRODUCTS_DIR; };
		FEA14E2529E7072800B74379 /* AppDelegate.swift */ = {isa = PBXFileReference; lastKnownFileType = sourcecode.swift; path = AppDelegate.swift; sourceTree = "<group>"; };
		FEA14E2729E7072800B74379 /* SceneDelegate.swift */ = {isa = PBXFileReference; lastKnownFileType = sourcecode.swift; path = SceneDelegate.swift; sourceTree = "<group>"; };
		FEA14E2C29E7072800B74379 /* Base */ = {isa = PBXFileReference; lastKnownFileType = file.storyboard; name = Base; path = Base.lproj/Main.storyboard; sourceTree = "<group>"; };
		FEA14E2E29E7072A00B74379 /* Assets.xcassets */ = {isa = PBXFileReference; lastKnownFileType = folder.assetcatalog; path = Assets.xcassets; sourceTree = "<group>"; };
		FEA14E3129E7072A00B74379 /* Base */ = {isa = PBXFileReference; lastKnownFileType = file.storyboard; name = Base; path = Base.lproj/LaunchScreen.storyboard; sourceTree = "<group>"; };
		FEA14E3329E7072A00B74379 /* Info.plist */ = {isa = PBXFileReference; lastKnownFileType = text.plist.xml; path = Info.plist; sourceTree = "<group>"; };
/* End PBXFileReference section */

/* Begin PBXFrameworksBuildPhase section */
		FEA14E1F29E7072800B74379 /* Frameworks */ = {
			isa = PBXFrameworksBuildPhase;
			buildActionMask = 2147483647;
			files = (
				C3331C2AF48978FB12E023EF /* Pods_MobileUp.framework in Frameworks */,
			);
			runOnlyForDeploymentPostprocessing = 0;
		};
/* End PBXFrameworksBuildPhase section */

/* Begin PBXGroup section */
		3A77BDFB8288C4960BAD3BC7 /* Pods */ = {
			isa = PBXGroup;
			children = (
				A6D9DE16B0A5C799D1097215 /* Pods-MobileUp.debug.xcconfig */,
				4D466CDFF3B8D3742F224B30 /* Pods-MobileUp.release.xcconfig */,
			);
			path = Pods;
			sourceTree = "<group>";
		};
		FDC5373BC99114CF9F907FE9 /* Frameworks */ = {
			isa = PBXGroup;
			children = (
				3AAC895BE1C55B47AACAF9F9 /* Pods_MobileUp.framework */,
			);
			name = Frameworks;
			sourceTree = "<group>";
		};
		FE28EDC329E70A0A00F5BB6D /* Application */ = {
			isa = PBXGroup;
			children = (
				FEA14E2529E7072800B74379 /* AppDelegate.swift */,
				FEA14E2729E7072800B74379 /* SceneDelegate.swift */,
			);
			path = Application;
			sourceTree = "<group>";
		};
		FE28EDC429E70A1700F5BB6D /* ViewControllers */ = {
			isa = PBXGroup;
			children = (
				FE7320CD29E70C5E00BE5A88 /* WelcomeViewController.swift */,
				FE7320CE29E70C5E00BE5A88 /* WelcomeView.xib */,
				FE7320D129E70CAE00BE5A88 /* LoginViewController.swift */,
				FE7320D229E70CAE00BE5A88 /* LoginView.xib */,
				FE7320D529E7102B00BE5A88 /* CollectionViewController.swift */,
			);
			path = ViewControllers;
			sourceTree = "<group>";
		};
		FE28EDC529E70A2200F5BB6D /* Views */ = {
			isa = PBXGroup;
			children = (
				FEA14E2B29E7072800B74379 /* Main.storyboard */,
				FEA14E3029E7072A00B74379 /* LaunchScreen.storyboard */,
			);
			path = Views;
			sourceTree = "<group>";
		};
		FE28EDC629E70A3100F5BB6D /* Cells */ = {
			isa = PBXGroup;
			children = (
				FE7320D729E7115A00BE5A88 /* PhotosCollectionViewCell.swift */,
				FE7320D929E711A900BE5A88 /* ExpandedPhotoCell.swift */,
			);
			path = Cells;
			sourceTree = "<group>";
		};
		FEA14E1929E7072800B74379 = {
			isa = PBXGroup;
			children = (
				FEA14E2429E7072800B74379 /* MobileUp */,
				FEA14E2329E7072800B74379 /* Products */,
				3A77BDFB8288C4960BAD3BC7 /* Pods */,
				FDC5373BC99114CF9F907FE9 /* Frameworks */,
			);
			sourceTree = "<group>";
		};
		FEA14E2329E7072800B74379 /* Products */ = {
			isa = PBXGroup;
			children = (
				FEA14E2229E7072800B74379 /* MobileUp.app */,
			);
			name = Products;
			sourceTree = "<group>";
		};
		FEA14E2429E7072800B74379 /* MobileUp */ = {
			isa = PBXGroup;
			children = (
				FE28EDC329E70A0A00F5BB6D /* Application */,
				FE28EDC429E70A1700F5BB6D /* ViewControllers */,
				FE28EDC529E70A2200F5BB6D /* Views */,
				FE28EDC629E70A3100F5BB6D /* Cells */,
				FEA14E2E29E7072A00B74379 /* Assets.xcassets */,
				FEA14E3329E7072A00B74379 /* Info.plist */,
			);
			path = MobileUp;
			sourceTree = "<group>";
		};
/* End PBXGroup section */

/* Begin PBXNativeTarget section */
		FEA14E2129E7072800B74379 /* MobileUp */ = {
			isa = PBXNativeTarget;
			buildConfigurationList = FEA14E3629E7072A00B74379 /* Build configuration list for PBXNativeTarget "MobileUp" */;
			buildPhases = (
				766DFA00E7E54B4E8C8A2C22 /* [CP] Check Pods Manifest.lock */,
				FEA14E1E29E7072800B74379 /* Sources */,
				FEA14E1F29E7072800B74379 /* Frameworks */,
				FEA14E2029E7072800B74379 /* Resources */,
				255EB55BEA2463914581B582 /* [CP] Embed Pods Frameworks */,
			);
			buildRules = (
			);
			dependencies = (
			);
			name = MobileUp;
			productName = MobileUp;
			productReference = FEA14E2229E7072800B74379 /* MobileUp.app */;
			productType = "com.apple.product-type.application";
		};
/* End PBXNativeTarget section */

/* Begin PBXProject section */
		FEA14E1A29E7072800B74379 /* Project object */ = {
			isa = PBXProject;
			attributes = {
				BuildIndependentTargetsInParallel = 1;
				LastSwiftUpdateCheck = 1400;
				LastUpgradeCheck = 1400;
				TargetAttributes = {
					FEA14E2129E7072800B74379 = {
						CreatedOnToolsVersion = 14.0.1;
					};
				};
			};
			buildConfigurationList = FEA14E1D29E7072800B74379 /* Build configuration list for PBXProject "MobileUp" */;
			compatibilityVersion = "Xcode 14.0";
			developmentRegion = en;
			hasScannedForEncodings = 0;
			knownRegions = (
				en,
				Base,
			);
			mainGroup = FEA14E1929E7072800B74379;
			productRefGroup = FEA14E2329E7072800B74379 /* Products */;
			projectDirPath = "";
			projectRoot = "";
			targets = (
				FEA14E2129E7072800B74379 /* MobileUp */,
			);
		};
/* End PBXProject section */

/* Begin PBXResourcesBuildPhase section */
		FEA14E2029E7072800B74379 /* Resources */ = {
			isa = PBXResourcesBuildPhase;
			buildActionMask = 2147483647;
			files = (
				FE7320D429E70CAE00BE5A88 /* LoginView.xib in Resources */,
				FEA14E3229E7072A00B74379 /* LaunchScreen.storyboard in Resources */,
				FE7320D029E70C5E00BE5A88 /* WelcomeView.xib in Resources */,
				FEA14E2F29E7072A00B74379 /* Assets.xcassets in Resources */,
				FEA14E2D29E7072800B74379 /* Main.storyboard in Resources */,
			);
			runOnlyForDeploymentPostprocessing = 0;
		};
/* End PBXResourcesBuildPhase section */

/* Begin PBXShellScriptBuildPhase section */
		255EB55BEA2463914581B582 /* [CP] Embed Pods Frameworks */ = {
			isa = PBXShellScriptBuildPhase;
			buildActionMask = 2147483647;
			files = (
			);
			inputFileListPaths = (
				"${PODS_ROOT}/Target Support Files/Pods-MobileUp/Pods-MobileUp-frameworks-${CONFIGURATION}-input-files.xcfilelist",
			);
			name = "[CP] Embed Pods Frameworks";
			outputFileListPaths = (
				"${PODS_ROOT}/Target Support Files/Pods-MobileUp/Pods-MobileUp-frameworks-${CONFIGURATION}-output-files.xcfilelist",
			);
			runOnlyForDeploymentPostprocessing = 0;
			shellPath = /bin/sh;
			shellScript = "\"${PODS_ROOT}/Target Support Files/Pods-MobileUp/Pods-MobileUp-frameworks.sh\"\n";
			showEnvVarsInLog = 0;
		};
		766DFA00E7E54B4E8C8A2C22 /* [CP] Check Pods Manifest.lock */ = {
			isa = PBXShellScriptBuildPhase;
			buildActionMask = 2147483647;
			files = (
			);
			inputFileListPaths = (
			);
			inputPaths = (
				"${PODS_PODFILE_DIR_PATH}/Podfile.lock",
				"${PODS_ROOT}/Manifest.lock",
			);
			name = "[CP] Check Pods Manifest.lock";
			outputFileListPaths = (
			);
			outputPaths = (
				"$(DERIVED_FILE_DIR)/Pods-MobileUp-checkManifestLockResult.txt",
			);
			runOnlyForDeploymentPostprocessing = 0;
			shellPath = /bin/sh;
			shellScript = "diff \"${PODS_PODFILE_DIR_PATH}/Podfile.lock\" \"${PODS_ROOT}/Manifest.lock\" > /dev/null\nif [ $? != 0 ] ; then\n    # print error to STDERR\n    echo \"error: The sandbox is not in sync with the Podfile.lock. Run 'pod install' or update your CocoaPods installation.\" >&2\n    exit 1\nfi\n# This output is used by Xcode 'outputs' to avoid re-running this script phase.\necho \"SUCCESS\" > \"${SCRIPT_OUTPUT_FILE_0}\"\n";
			showEnvVarsInLog = 0;
		};
/* End PBXShellScriptBuildPhase section */

/* Begin PBXSourcesBuildPhase section */
		FEA14E1E29E7072800B74379 /* Sources */ = {
			isa = PBXSourcesBuildPhase;
			buildActionMask = 2147483647;
			files = (
				FE7320D329E70CAE00BE5A88 /* LoginViewController.swift in Sources */,
				FE7320CF29E70C5E00BE5A88 /* WelcomeViewController.swift in Sources */,
				FEA14E2629E7072800B74379 /* AppDelegate.swift in Sources */,
				FE7320DA29E711A900BE5A88 /* ExpandedPhotoCell.swift in Sources */,
				FEA14E2829E7072800B74379 /* SceneDelegate.swift in Sources */,
				FE7320D629E7102B00BE5A88 /* CollectionViewController.swift in Sources */,
				FE7320D829E7115A00BE5A88 /* PhotosCollectionViewCell.swift in Sources */,
			);
			runOnlyForDeploymentPostprocessing = 0;
		};
/* End PBXSourcesBuildPhase section */

/* Begin PBXVariantGroup section */
		FEA14E2B29E7072800B74379 /* Main.storyboard */ = {
			isa = PBXVariantGroup;
			children = (
				FEA14E2C29E7072800B74379 /* Base */,
			);
			name = Main.storyboard;
			sourceTree = "<group>";
		};
		FEA14E3029E7072A00B74379 /* LaunchScreen.storyboard */ = {
			isa = PBXVariantGroup;
			children = (
				FEA14E3129E7072A00B74379 /* Base */,
			);
			name = LaunchScreen.storyboard;
			sourceTree = "<group>";
		};
/* End PBXVariantGroup section */

/* Begin XCBuildConfiguration section */
		FEA14E3429E7072A00B74379 /* Debug */ = {
			isa = XCBuildConfiguration;
			buildSettings = {
				ALWAYS_SEARCH_USER_PATHS = NO;
				CLANG_ANALYZER_NONNULL = YES;
				CLANG_ANALYZER_NUMBER_OBJECT_CONVERSION = YES_AGGRESSIVE;
				CLANG_CXX_LANGUAGE_STANDARD = "gnu++20";
				CLANG_ENABLE_MODULES = YES;
				CLANG_ENABLE_OBJC_ARC = YES;
				CLANG_ENABLE_OBJC_WEAK = YES;
				CLANG_WARN_BLOCK_CAPTURE_AUTORELEASING = YES;
				CLANG_WARN_BOOL_CONVERSION = YES;
				CLANG_WARN_COMMA = YES;
				CLANG_WARN_CONSTANT_CONVERSION = YES;
				CLANG_WARN_DEPRECATED_OBJC_IMPLEMENTATIONS = YES;
				CLANG_WARN_DIRECT_OBJC_ISA_USAGE = YES_ERROR;
				CLANG_WARN_DOCUMENTATION_COMMENTS = YES;
				CLANG_WARN_EMPTY_BODY = YES;
				CLANG_WARN_ENUM_CONVERSION = YES;
				CLANG_WARN_INFINITE_RECURSION = YES;
				CLANG_WARN_INT_CONVERSION = YES;
				CLANG_WARN_NON_LITERAL_NULL_CONVERSION = YES;
				CLANG_WARN_OBJC_IMPLICIT_RETAIN_SELF = YES;
				CLANG_WARN_OBJC_LITERAL_CONVERSION = YES;
				CLANG_WARN_OBJC_ROOT_CLASS = YES_ERROR;
				CLANG_WARN_QUOTED_INCLUDE_IN_FRAMEWORK_HEADER = YES;
				CLANG_WARN_RANGE_LOOP_ANALYSIS = YES;
				CLANG_WARN_STRICT_PROTOTYPES = YES;
				CLANG_WARN_SUSPICIOUS_MOVE = YES;
				CLANG_WARN_UNGUARDED_AVAILABILITY = YES_AGGRESSIVE;
				CLANG_WARN_UNREACHABLE_CODE = YES;
				CLANG_WARN__DUPLICATE_METHOD_MATCH = YES;
				COPY_PHASE_STRIP = NO;
				DEBUG_INFORMATION_FORMAT = dwarf;
				ENABLE_STRICT_OBJC_MSGSEND = YES;
				ENABLE_TESTABILITY = YES;
				GCC_C_LANGUAGE_STANDARD = gnu11;
				GCC_DYNAMIC_NO_PIC = NO;
				GCC_NO_COMMON_BLOCKS = YES;
				GCC_OPTIMIZATION_LEVEL = 0;
				GCC_PREPROCESSOR_DEFINITIONS = (
					"DEBUG=1",
					"$(inherited)",
				);
				GCC_WARN_64_TO_32_BIT_CONVERSION = YES;
				GCC_WARN_ABOUT_RETURN_TYPE = YES_ERROR;
				GCC_WARN_UNDECLARED_SELECTOR = YES;
				GCC_WARN_UNINITIALIZED_AUTOS = YES_AGGRESSIVE;
				GCC_WARN_UNUSED_FUNCTION = YES;
				GCC_WARN_UNUSED_VARIABLE = YES;
				IPHONEOS_DEPLOYMENT_TARGET = 16.0;
				MTL_ENABLE_DEBUG_INFO = INCLUDE_SOURCE;
				MTL_FAST_MATH = YES;
				ONLY_ACTIVE_ARCH = YES;
				SDKROOT = iphoneos;
				SWIFT_ACTIVE_COMPILATION_CONDITIONS = DEBUG;
				SWIFT_OPTIMIZATION_LEVEL = "-Onone";
			};
			name = Debug;
		};
		FEA14E3529E7072A00B74379 /* Release */ = {
			isa = XCBuildConfiguration;
			buildSettings = {
				ALWAYS_SEARCH_USER_PATHS = NO;
				CLANG_ANALYZER_NONNULL = YES;
				CLANG_ANALYZER_NUMBER_OBJECT_CONVERSION = YES_AGGRESSIVE;
				CLANG_CXX_LANGUAGE_STANDARD = "gnu++20";
				CLANG_ENABLE_MODULES = YES;
				CLANG_ENABLE_OBJC_ARC = YES;
				CLANG_ENABLE_OBJC_WEAK = YES;
				CLANG_WARN_BLOCK_CAPTURE_AUTORELEASING = YES;
				CLANG_WARN_BOOL_CONVERSION = YES;
				CLANG_WARN_COMMA = YES;
				CLANG_WARN_CONSTANT_CONVERSION = YES;
				CLANG_WARN_DEPRECATED_OBJC_IMPLEMENTATIONS = YES;
				CLANG_WARN_DIRECT_OBJC_ISA_USAGE = YES_ERROR;
				CLANG_WARN_DOCUMENTATION_COMMENTS = YES;
				CLANG_WARN_EMPTY_BODY = YES;
				CLANG_WARN_ENUM_CONVERSION = YES;
				CLANG_WARN_INFINITE_RECURSION = YES;
				CLANG_WARN_INT_CONVERSION = YES;
				CLANG_WARN_NON_LITERAL_NULL_CONVERSION = YES;
				CLANG_WARN_OBJC_IMPLICIT_RETAIN_SELF = YES;
				CLANG_WARN_OBJC_LITERAL_CONVERSION = YES;
				CLANG_WARN_OBJC_ROOT_CLASS = YES_ERROR;
				CLANG_WARN_QUOTED_INCLUDE_IN_FRAMEWORK_HEADER = YES;
				CLANG_WARN_RANGE_LOOP_ANALYSIS = YES;
				CLANG_WARN_STRICT_PROTOTYPES = YES;
				CLANG_WARN_SUSPICIOUS_MOVE = YES;
				CLANG_WARN_UNGUARDED_AVAILABILITY = YES_AGGRESSIVE;
				CLANG_WARN_UNREACHABLE_CODE = YES;
				CLANG_WARN__DUPLICATE_METHOD_MATCH = YES;
				COPY_PHASE_STRIP = NO;
				DEBUG_INFORMATION_FORMAT = "dwarf-with-dsym";
				ENABLE_NS_ASSERTIONS = NO;
				ENABLE_STRICT_OBJC_MSGSEND = YES;
				GCC_C_LANGUAGE_STANDARD = gnu11;
				GCC_NO_COMMON_BLOCKS = YES;
				GCC_WARN_64_TO_32_BIT_CONVERSION = YES;
				GCC_WARN_ABOUT_RETURN_TYPE = YES_ERROR;
				GCC_WARN_UNDECLARED_SELECTOR = YES;
				GCC_WARN_UNINITIALIZED_AUTOS = YES_AGGRESSIVE;
				GCC_WARN_UNUSED_FUNCTION = YES;
				GCC_WARN_UNUSED_VARIABLE = YES;
				IPHONEOS_DEPLOYMENT_TARGET = 16.0;
				MTL_ENABLE_DEBUG_INFO = NO;
				MTL_FAST_MATH = YES;
				SDKROOT = iphoneos;
				SWIFT_COMPILATION_MODE = wholemodule;
				SWIFT_OPTIMIZATION_LEVEL = "-O";
				VALIDATE_PRODUCT = YES;
			};
			name = Release;
		};
		FEA14E3729E7072A00B74379 /* Debug */ = {
			isa = XCBuildConfiguration;
			baseConfigurationReference = A6D9DE16B0A5C799D1097215 /* Pods-MobileUp.debug.xcconfig */;
			buildSettings = {
				ASSETCATALOG_COMPILER_APPICON_NAME = AppIcon;
				ASSETCATALOG_COMPILER_GLOBAL_ACCENT_COLOR_NAME = AccentColor;
				CODE_SIGN_STYLE = Automatic;
				CURRENT_PROJECT_VERSION = 1;
				DEVELOPMENT_TEAM = W3N3F8B6HF;
				GENERATE_INFOPLIST_FILE = YES;
				INFOPLIST_FILE = MobileUp/Info.plist;
				INFOPLIST_KEY_NSPhotoLibraryAddUsageDescription = "Это разрешение нужно для сохранения фотографий в галерею, чтобы вы могли легко найти их позже";
				INFOPLIST_KEY_UIApplicationSupportsIndirectInputEvents = YES;
				INFOPLIST_KEY_UILaunchStoryboardName = LaunchScreen;
				INFOPLIST_KEY_UIMainStoryboardFile = Main;
				INFOPLIST_KEY_UISupportedInterfaceOrientations_iPad = "UIInterfaceOrientationPortrait UIInterfaceOrientationPortraitUpsideDown UIInterfaceOrientationLandscapeLeft UIInterfaceOrientationLandscapeRight";
				INFOPLIST_KEY_UISupportedInterfaceOrientations_iPhone = "UIInterfaceOrientationPortrait UIInterfaceOrientationLandscapeLeft UIInterfaceOrientationLandscapeRight";
				IPHONEOS_DEPLOYMENT_TARGET = 13.0;
				LD_RUNPATH_SEARCH_PATHS = (
					"$(inherited)",
					"@executable_path/Frameworks",
				);
				MARKETING_VERSION = 1.0;
				PRODUCT_BUNDLE_IDENTIFIER = RutraVolalib.MobileUp;
				PRODUCT_NAME = "$(TARGET_NAME)";
				SWIFT_EMIT_LOC_STRINGS = YES;
				SWIFT_VERSION = 5.0;
				TARGETED_DEVICE_FAMILY = "1,2";
			};
			name = Debug;
		};
		FEA14E3829E7072A00B74379 /* Release */ = {
			isa = XCBuildConfiguration;
			baseConfigurationReference = 4D466CDFF3B8D3742F224B30 /* Pods-MobileUp.release.xcconfig */;
			buildSettings = {
				ASSETCATALOG_COMPILER_APPICON_NAME = AppIcon;
				ASSETCATALOG_COMPILER_GLOBAL_ACCENT_COLOR_NAME = AccentColor;
				CODE_SIGN_STYLE = Automatic;
				CURRENT_PROJECT_VERSION = 1;
				DEVELOPMENT_TEAM = W3N3F8B6HF;
				GENERATE_INFOPLIST_FILE = YES;
				INFOPLIST_FILE = MobileUp/Info.plist;
				INFOPLIST_KEY_NSPhotoLibraryAddUsageDescription = "Это разрешение нужно для сохранения фотографий в галерею, чтобы вы могли легко найти их позже";
				INFOPLIST_KEY_UIApplicationSupportsIndirectInputEvents = YES;
				INFOPLIST_KEY_UILaunchStoryboardName = LaunchScreen;
				INFOPLIST_KEY_UIMainStoryboardFile = Main;
				INFOPLIST_KEY_UISupportedInterfaceOrientations_iPad = "UIInterfaceOrientationPortrait UIInterfaceOrientationPortraitUpsideDown UIInterfaceOrientationLandscapeLeft UIInterfaceOrientationLandscapeRight";
				INFOPLIST_KEY_UISupportedInterfaceOrientations_iPhone = "UIInterfaceOrientationPortrait UIInterfaceOrientationLandscapeLeft UIInterfaceOrientationLandscapeRight";
				IPHONEOS_DEPLOYMENT_TARGET = 13.0;
				LD_RUNPATH_SEARCH_PATHS = (
					"$(inherited)",
					"@executable_path/Frameworks",
				);
				MARKETING_VERSION = 1.0;
				PRODUCT_BUNDLE_IDENTIFIER = RutraVolalib.MobileUp;
				PRODUCT_NAME = "$(TARGET_NAME)";
				SWIFT_EMIT_LOC_STRINGS = YES;
				SWIFT_VERSION = 5.0;
				TARGETED_DEVICE_FAMILY = "1,2";
			};
			name = Release;
		};
/* End XCBuildConfiguration section */

/* Begin XCConfigurationList section */
		FEA14E1D29E7072800B74379 /* Build configuration list for PBXProject "MobileUp" */ = {
			isa = XCConfigurationList;
			buildConfigurations = (
				FEA14E3429E7072A00B74379 /* Debug */,
				FEA14E3529E7072A00B74379 /* Release */,
			);
			defaultConfigurationIsVisible = 0;
			defaultConfigurationName = Release;
		};
		FEA14E3629E7072A00B74379 /* Build configuration list for PBXNativeTarget "MobileUp" */ = {
			isa = XCConfigurationList;
			buildConfigurations = (
				FEA14E3729E7072A00B74379 /* Debug */,
				FEA14E3829E7072A00B74379 /* Release */,
			);
			defaultConfigurationIsVisible = 0;
			defaultConfigurationName = Release;
		};
/* End XCConfigurationList section */
	};
	rootObject = FEA14E1A29E7072800B74379 /* Project object */;
}
